
Microsoft Visual Studio Solution File, Format Version 12.00
# Visual Studio Version 17
VisualStudioVersion = 17.4.33205.214
MinimumVisualStudioVersion = 10.0.40219.1
Project("{FAE04EC0-301F-11D3-BF4B-00C04F79EFBC}") = "project_cesa", "project_cesa\project_cesa.csproj", "{31C4A01F-1C2F-4638-828D-3A35DD3DBB34}"
EndProject
Project("{54435603-DBB4-11D2-8724-00A0C9A8B90C}") = "Deploy_Cesa", "Deploy_Cesa\Deploy_Cesa.vdproj", "{FEED80FF-0578-4431-A673-4554DF069271}"
EndProject
Global
	GlobalSection(SolutionConfigurationPlatforms) = preSolution
		Debug|Any CPU = Debug|Any CPU
		Release|Any CPU = Release|Any CPU
	EndGlobalSection
	GlobalSection(ProjectConfigurationPlatforms) = postSolution
		{31C4A01F-1C2F-4638-828D-3A35DD3DBB34}.Debug|Any CPU.ActiveCfg = Debug|Any CPU
		{31C4A01F-1C2F-4638-828D-3A35DD3DBB34}.Debug|Any CPU.Build.0 = Debug|Any CPU
		{31C4A01F-1C2F-4638-828D-3A35DD3DBB34}.Release|Any CPU.ActiveCfg = Release|Any CPU
		{31C4A01F-1C2F-4638-828D-3A35DD3DBB34}.Release|Any CPU.Build.0 = Release|Any CPU
		{FEED80FF-0578-4431-A673-4554DF069271}.Debug|Any CPU.ActiveCfg = Debug
		{FEED80FF-0578-4431-A673-4554DF069271}.Release|Any CPU.ActiveCfg = Release
	EndGlobalSection
	GlobalSection(SolutionProperties) = preSolution
		HideSolutionNode = FALSE
	EndGlobalSection
	GlobalSection(ExtensibilityGlobals) = postSolution
		SolutionGuid = {A93EC017-129C-4220-BDBB-E19D56EC107E}
	EndGlobalSection
EndGlobal
